{
  "name": "enginematch",
  "version": "0.0.1",
  "lockfileVersion": 3,
  "requires": true,
  "packages": {
    "": {
      "name": "enginematch",
      "version": "0.0.1",
      "license": "MIT",
      "dependencies": {
        "browserslist": "^4.28.1",
        "empathic": "^2.0.0",
        "semver": "^7.7.3"
      },
      "devDependencies": {
        "@types/node": "^25.0.3",
        "@types/semver": "^7.7.1",
        "@typescript/native-preview": "^7.0.0-dev.20251217.1",
        "prettier": "^3.7.4"
      },
      "engines": {
        "node": ">=18.0.0"
      }
    },
    "node_modules/@types/node": {
      "version": "25.0.3",
      "resolved": "https://registry.npmjs.org/@types/node/-/node-25.0.3.tgz",
      "integrity": "sha512-W609buLVRVmeW693xKfzHeIV6nJGGz98uCPfeXI1ELMLXVeKYZ9m15fAMSaUPBHYLGFsVRcMmSCksQOrZV9BYA==",
      "dev": true,
      "license": "MIT",
      "dependencies": {
        "undici-types": "~7.16.0"
      }
    },
    "node_modules/@types/semver": {
      "version": "7.7.1",
      "resolved": "https://registry.npmjs.org/@types/semver/-/semver-7.7.1.tgz",
      "integrity": "sha512-FmgJfu+MOcQ370SD0ev7EI8TlCAfKYU+B4m5T3yXc1CiRN94g/SZPtsCkk506aUDtlMnFZvasDwHHUcZUEaYuA==",
      "dev": true,
      "license": "MIT"
    },
    "node_modules/@typescript/native-preview": {
      "version": "7.0.0-dev.20251217.1",
      "resolved": "https://registry.npmjs.org/@typescript/native-preview/-/native-preview-7.0.0-dev.20251217.1.tgz",
      "integrity": "sha512-J5hMelK6JeuTOJy4lpH8oBijYAYVoKUW4BWd1++QRINKeyR41W8glA7spQRvox53Z2TB9U3PuVVSTEr8Kz558Q==",
      "dev": true,
      "license": "Apache-2.0",
      "bin": {
        "tsgo": "bin/tsgo.js"
      },
      "optionalDependencies": {
        "@typescript/native-preview-darwin-arm64": "7.0.0-dev.20251217.1",
        "@typescript/native-preview-darwin-x64": "7.0.0-dev.20251217.1",
        "@typescript/native-preview-linux-arm": "7.0.0-dev.20251217.1",
        "@typescript/native-preview-linux-arm64": "7.0.0-dev.20251217.1",
        "@typescript/native-preview-linux-x64": "7.0.0-dev.20251217.1",
        "@typescript/native-preview-win32-arm64": "7.0.0-dev.20251217.1",
        "@typescript/native-preview-win32-x64": "7.0.0-dev.20251217.1"
      }
    },
    "node_modules/@typescript/native-preview-darwin-arm64": {
      "version": "7.0.0-dev.20251217.1",
      "resolved": "https://registry.npmjs.org/@typescript/native-preview-darwin-arm64/-/native-preview-darwin-arm64-7.0.0-dev.20251217.1.tgz",
      "integrity": "sha512-hgekEq4o7O61cyaAbEtGv4t7jXZqRBPanVJmCPGGen8JupcZsmxttnrUdGwsXhAnd5YkG+hZLpZc9dcjiLgoaA==",
      "cpu": [
        "arm64"
      ],
      "dev": true,
      "license": "Apache-2.0",
      "optional": true,
      "os": [
        "darwin"
      ]
    },
    "node_modules/@typescript/native-preview-darwin-x64": {
      "version": "7.0.0-dev.20251217.1",
      "resolved": "https://registry.npmjs.org/@typescript/native-preview-darwin-x64/-/native-preview-darwin-x64-7.0.0-dev.20251217.1.tgz",
      "integrity": "sha512-WsKdNlr5Q03D9FO/3o1QdXvVKcVfKvz/JnXOsVt9S0YQ3YndtgaJ5ampiZV/OwL63Jt2E/6ln3vWZXTV968nxw==",
      "cpu": [
        "x64"
      ],
      "dev": true,
      "license": "Apache-2.0",
      "optional": true,
      "os": [
        "darwin"
      ]
    },
    "node_modules/@typescript/native-preview-linux-arm": {
      "version": "7.0.0-dev.20251217.1",
      "resolved": "https://registry.npmjs.org/@typescript/native-preview-linux-arm/-/native-preview-linux-arm-7.0.0-dev.20251217.1.tgz",
      "integrity": "sha512-WDVFr2AGQSMl1PhJMPmRylilNJWKyJWTXs+lT7jz15E5txtjcvem7mQWR1+1KrusmMkJgoId3lZCey5esGOXUw==",
      "cpu": [
        "arm"
      ],
      "dev": true,
      "license": "Apache-2.0",
      "optional": true,
      "os": [
        "linux"
      ]
    },
    "node_modules/@typescript/native-preview-linux-arm64": {
      "version": "7.0.0-dev.20251217.1",
      "resolved": "https://registry.npmjs.org/@typescript/native-preview-linux-arm64/-/native-preview-linux-arm64-7.0.0-dev.20251217.1.tgz",
      "integrity": "sha512-Oyn2Su45EZpwZ12KKQisPo1RWQlR3HGilTFjVrLxye6k9GL70gInh+qDhU5+8Dh0N/c6bPx7Cnb1vDHv0SMXBg==",
      "cpu": [
        "arm64"
      ],
      "dev": true,
      "license": "Apache-2.0",
      "optional": true,
      "os": [
        "linux"
      ]
    },
    "node_modules/@typescript/native-preview-linux-x64": {
      "version": "7.0.0-dev.20251217.1",
      "resolved": "https://registry.npmjs.org/@typescript/native-preview-linux-x64/-/native-preview-linux-x64-7.0.0-dev.20251217.1.tgz",
      "integrity": "sha512-AYpOH1AmHoReTTPUJKcDOJOZWZx0l4QMh/J6I5wW/U1T9BVTmpBlOvlu5aqkI/Jn4Rym8ZrnnAvcSEWoP4gSyA==",
      "cpu": [
        "x64"
      ],
      "dev": true,
      "license": "Apache-2.0",
      "optional": true,
      "os": [
        "linux"
      ]
    },
    "node_modules/@typescript/native-preview-win32-arm64": {
      "version": "7.0.0-dev.20251217.1",
      "resolved": "https://registry.npmjs.org/@typescript/native-preview-win32-arm64/-/native-preview-win32-arm64-7.0.0-dev.20251217.1.tgz",
      "integrity": "sha512-9f6L+xbS3inW1IWiCdHvC95eXMLbHhjj/6HQL5e3nlM967ifcqikCLRJQN2o+zI74fVTY5WNHjd9DVaw1uTJAQ==",
      "cpu": [
        "arm64"
      ],
      "dev": true,
      "license": "Apache-2.0",
      "optional": true,
      "os": [
        "win32"
      ]
    },
    "node_modules/@typescript/native-preview-win32-x64": {
      "version": "7.0.0-dev.20251217.1",
      "resolved": "https://registry.npmjs.org/@typescript/native-preview-win32-x64/-/native-preview-win32-x64-7.0.0-dev.20251217.1.tgz",
      "integrity": "sha512-+UuJoo94Ch5jb8E7O7slGdUFSW6SEQgL2jyhq3ptCXXooQEldFvgV1qvVvPnMoTijyrWwIPkoYwEBH2a6iY/6g==",
      "cpu": [
        "x64"
      ],
      "dev": true,
      "license": "Apache-2.0",
      "optional": true,
      "os": [
        "win32"
      ]
    },
    "node_modules/baseline-browser-mapping": {
      "version": "2.9.9",
      "resolved": "https://registry.npmjs.org/baseline-browser-mapping/-/baseline-browser-mapping-2.9.9.tgz",
      "integrity": "sha512-V8fbOCSeOFvlDj7LLChUcqbZrdKD9RU/VR260piF1790vT0mfLSwGc/Qzxv3IqiTukOpNtItePa0HBpMAj7MDg==",
      "license": "Apache-2.0",
      "bin": {
        "baseline-browser-mapping": "dist/cli.js"
      }
    },
    "node_modules/browserslist": {
      "version": "4.28.1",
      "resolved": "https://registry.npmjs.org/browserslist/-/browserslist-4.28.1.tgz",
      "integrity": "sha512-ZC5Bd0LgJXgwGqUknZY/vkUQ04r8NXnJZ3yYi4vDmSiZmC/pdSN0NbNRPxZpbtO4uAfDUAFffO8IZoM3Gj8IkA==",
      "funding": [
        {
          "type": "opencollective",
          "url": "https://opencollective.com/browserslist"
        },
        {
          "type": "tidelift",
          "url": "https://tidelift.com/funding/github/npm/browserslist"
        },
        {
          "type": "github",
          "url": "https://github.com/sponsors/ai"
        }
      ],
      "license": "MIT",
      "dependencies": {
        "baseline-browser-mapping": "^2.9.0",
        "caniuse-lite": "^1.0.30001759",
        "electron-to-chromium": "^1.5.263",
        "node-releases": "^2.0.27",
        "update-browserslist-db": "^1.2.0"
      },
      "bin": {
        "browserslist": "cli.js"
      },
      "engines": {
        "node": "^6 || ^7 || ^8 || ^9 || ^10 || ^11 || ^12 || >=13.7"
      }
    },
    "node_modules/caniuse-lite": {
      "version": "1.0.30001760",
      "resolved": "https://registry.npmjs.org/caniuse-lite/-/caniuse-lite-1.0.30001760.tgz",
      "integrity": "sha512-7AAMPcueWELt1p3mi13HR/LHH0TJLT11cnwDJEs3xA4+CK/PLKeO9Kl1oru24htkyUKtkGCvAx4ohB0Ttry8Dw==",
      "funding": [
        {
          "type": "opencollective",
          "url": "https://opencollective.com/browserslist"
        },
        {
          "type": "tidelift",
          "url": "https://tidelift.com/funding/github/npm/caniuse-lite"
        },
        {
          "type": "github",
          "url": "https://github.com/sponsors/ai"
        }
      ],
      "license": "CC-BY-4.0"
    },
    "node_modules/electron-to-chromium": {
      "version": "1.5.267",
      "resolved": "https://registry.npmjs.org/electron-to-chromium/-/electron-to-chromium-1.5.267.tgz",
      "integrity": "sha512-0Drusm6MVRXSOJpGbaSVgcQsuB4hEkMpHXaVstcPmhu5LIedxs1xNK/nIxmQIU/RPC0+1/o0AVZfBTkTNJOdUw==",
      "license": "ISC"
    },
    "node_modules/empathic": {
      "version": "2.0.0",
      "resolved": "https://registry.npmjs.org/empathic/-/empathic-2.0.0.tgz",
      "integrity": "sha512-i6UzDscO/XfAcNYD75CfICkmfLedpyPDdozrLMmQc5ORaQcdMoc21OnlEylMIqI7U8eniKrPMxxtj8k0vhmJhA==",
      "license": "MIT",
      "engines": {
        "node": ">=14"
      }
    },
    "node_modules/escalade": {
      "version": "3.2.0",
      "resolved": "https://registry.npmjs.org/escalade/-/escalade-3.2.0.tgz",
      "integrity": "sha512-WUj2qlxaQtO4g6Pq5c29GTcWGDyd8itL8zTlipgECz3JesAiiOKotd8JU6otB3PACgG6xkJUyVhboMS+bje/jA==",
      "license": "MIT",
      "engines": {
        "node": ">=6"
      }
    },
    "node_modules/node-releases": {
      "version": "2.0.27",
      "resolved": "https://registry.npmjs.org/node-releases/-/node-releases-2.0.27.tgz",
      "integrity": "sha512-nmh3lCkYZ3grZvqcCH+fjmQ7X+H0OeZgP40OierEaAptX4XofMh5kwNbWh7lBduUzCcV/8kZ+NDLCwm2iorIlA==",
      "license": "MIT"
    },
    "node_modules/picocolors": {
      "version": "1.1.1",
      "resolved": "https://registry.npmjs.org/picocolors/-/picocolors-1.1.1.tgz",
      "integrity": "sha512-xceH2snhtb5M9liqDsmEw56le376mTZkEX/jEb/RxNFyegNul7eNslCXP9FDj/Lcu0X8KEyMceP2ntpaHrDEVA==",
      "license": "ISC"
    },
    "node_modules/prettier": {
      "version": "3.7.4",
      "resolved": "https://registry.npmjs.org/prettier/-/prettier-3.7.4.tgz",
      "integrity": "sha512-v6UNi1+3hSlVvv8fSaoUbggEM5VErKmmpGA7Pl3HF8V6uKY7rvClBOJlH6yNwQtfTueNkGVpOv/mtWL9L4bgRA==",
      "dev": true,
      "license": "MIT",
      "bin": {
        "prettier": "bin/prettier.cjs"
      },
      "engines": {
        "node": ">=14"
      },
      "funding": {
        "url": "https://github.com/prettier/prettier?sponsor=1"
      }
    },
    "node_modules/semver": {
      "version": "7.7.3",
      "resolved": "https://registry.npmjs.org/semver/-/semver-7.7.3.tgz",
      "integrity": "sha512-SdsKMrI9TdgjdweUSR9MweHA4EJ8YxHn8DFaDisvhVlUOe4BF1tLD7GAj0lIqWVl+dPb/rExr0Btby5loQm20Q==",
      "license": "ISC",
      "bin": {
        "semver": "bin/semver.js"
      },
      "engines": {
        "node": ">=10"
      }
    },
    "node_modules/undici-types": {
      "version": "7.16.0",
      "resolved": "https://registry.npmjs.org/undici-types/-/undici-types-7.16.0.tgz",
      "integrity": "sha512-Zz+aZWSj8LE6zoxD+xrjh4VfkIG8Ya6LvYkZqtUQGJPZjYl53ypCaUwWqo7eI0x66KBGeRo+mlBEkMSeSZ38Nw==",
      "dev": true,
      "license": "MIT"
    },
    "node_modules/update-browserslist-db": {
      "version": "1.2.3",
      "resolved": "https://registry.npmjs.org/update-browserslist-db/-/update-browserslist-db-1.2.3.tgz",
      "integrity": "sha512-Js0m9cx+qOgDxo0eMiFGEueWztz+d4+M3rGlmKPT+T4IS/jP4ylw3Nwpu6cpTTP8R1MAC1kF4VbdLt3ARf209w==",
      "funding": [
        {
          "type": "opencollective",
          "url": "https://opencollective.com/browserslist"
        },
        {
          "type": "tidelift",
          "url": "https://tidelift.com/funding/github/npm/browserslist"
        },
        {
          "type": "github",
          "url": "https://github.com/sponsors/ai"
        }
      ],
      "license": "MIT",
      "dependencies": {
        "escalade": "^3.2.0",
        "picocolors": "^1.1.1"
      },
      "bin": {
        "update-browserslist-db": "cli.js"
      },
      "peerDependencies": {
        "browserslist": ">= 4.21.0"
      }
    }
  }
}
